
Microsoft Visual Studio Solution File, Format Version 12.00
# Visual Studio Version 17
VisualStudioVersion = 17.10.35013.160
MinimumVisualStudioVersion = 10.0.40219.1
Project("{FAE04EC0-301F-11D3-BF4B-00C04F79EFBC}") = "dapveri", "dapveri\dapveri.csproj", "{DC9E65FC-FA6D-4081-B26D-DFD834661FA3}"
EndProject
Global
	GlobalSection(SolutionConfigurationPlatforms) = preSolution
		Debug|Any CPU = Debug|Any CPU
		Release|Any CPU = Release|Any CPU
	EndGlobalSection
	GlobalSection(ProjectConfigurationPlatforms) = postSolution
		{DC9E65FC-FA6D-4081-B26D-DFD834661FA3}.Debug|Any CPU.ActiveCfg = Debug|Any CPU
		{DC9E65FC-FA6D-4081-B26D-DFD834661FA3}.Debug|Any CPU.Build.0 = Debug|Any CPU
		{DC9E65FC-FA6D-4081-B26D-DFD834661FA3}.Release|Any CPU.ActiveCfg = Release|Any CPU
		{DC9E65FC-FA6D-4081-B26D-DFD834661FA3}.Release|Any CPU.Build.0 = Release|Any CPU
	EndGlobalSection
	GlobalSection(SolutionProperties) = preSolution
		HideSolutionNode = FALSE
	EndGlobalSection
	GlobalSection(ExtensibilityGlobals) = postSolution
		SolutionGuid = {22E01A3B-D383-4126-AFD0-2C2B0C7A9195}
	EndGlobalSection
EndGlobal
